{
  "name": "lsp",
  "lockfileVersion": 3,
  "requires": true,
  "packages": {
    "": {
      "dependencies": {
        "effect-ts": "^0.0.1"
      }
    },
    "node_modules/effect-ts": {
      "version": "0.0.1",
      "resolved": "https://registry.npmjs.org/effect-ts/-/effect-ts-0.0.1.tgz",
      "integrity": "sha512-6ENinaszHRpC/DdWGAFCHv/RBy9NImPJARBVoWTeO1PSBOmlibuzJvBxnoHD5dwdWikFEe7l7FEfl7MQyvvmaQ==",
      "license": "MIT"
    }
  }
}
